
Microsoft Visual Studio Solution File, Format Version 12.00
# Visual Studio Version 17
VisualStudioVersion = 17.11.35219.272
MinimumVisualStudioVersion = 10.0.40219.1
Project("{9A19103F-16F7-4668-BE54-9A1E7A4F7556}") = "ElProApp.Web", "ElProApp.Web\ElProApp.Web.csproj", "{6D4D16C7-B333-4BBD-ADA7-080FE887B215}"
EndProject
Project("{2150E333-8FDC-42A3-9474-1A3956D46DE8}") = "Data", "Data", "{B27C2880-720B-4425-B71E-5C938CC3E529}"
EndProject
Project("{2150E333-8FDC-42A3-9474-1A3956D46DE8}") = "Web", "Web", "{418188CB-3F10-4A20-9859-62D3A32C3686}"
EndProject
Project("{2150E333-8FDC-42A3-9474-1A3956D46DE8}") = "Common", "Common", "{12B65CA2-7152-4D2F-BEBB-F7B2056AFF5E}"
EndProject
Project("{9A19103F-16F7-4668-BE54-9A1E7A4F7556}") = "ElProApp.Data", "ElProApp.Data\ElProApp.Data.csproj", "{6F69ADFB-1C72-465C-A8D0-50487012F81E}"
EndProject
Project("{9A19103F-16F7-4668-BE54-9A1E7A4F7556}") = "ElProApp.Data.Models", "ElProApp.Data.Models\ElProApp.Data.Models.csproj", "{9A8410DD-96DA-4570-A585-5187BD6CC1B3}"
EndProject
Project("{9A19103F-16F7-4668-BE54-9A1E7A4F7556}") = "ElProApp.Common", "ElProApp.Common\ElProApp.Common.csproj", "{A8F4B73C-9480-4F46-8324-7185649BAB7B}"
EndProject
Project("{9A19103F-16F7-4668-BE54-9A1E7A4F7556}") = "ElProApp.Web.Models", "ElProApp.Web.Models\ElProApp.Web.Models.csproj", "{62475CBA-0022-4DA4-BEE7-5483B5C5C685}"
EndProject
Project("{2150E333-8FDC-42A3-9474-1A3956D46DE8}") = "Services", "Services", "{5BB2C59B-0278-4165-9C74-96C888201F72}"
EndProject
Project("{9A19103F-16F7-4668-BE54-9A1E7A4F7556}") = "ElProApp.Services.Mapping", "ElProApp.Services.Mapping\ElProApp.Services.Mapping.csproj", "{241800E3-A823-4740-BA85-AAE2F59D7D69}"
EndProject
Project("{9A19103F-16F7-4668-BE54-9A1E7A4F7556}") = "ElProApp.Services.Data", "ElProApp.Services.Data\ElProApp.Services.Data.csproj", "{BB28A59F-A9D3-4C69-AF24-B16427B2A226}"
EndProject
Project("{9A19103F-16F7-4668-BE54-9A1E7A4F7556}") = "ElProApp.Web.Infrastructure", "ElProApp.Web.Infrasreucture\ElProApp.Web.Infrastructure.csproj", "{E16048D0-4CA5-48EA-A30C-FF95906FE107}"
EndProject
Project("{2150E333-8FDC-42A3-9474-1A3956D46DE8}") = "Solution Items", "Solution Items", "{741FBD90-EDB2-46B0-A542-F09D68ACDAF4}"
	ProjectSection(SolutionItems) = preProject
		.editorconfig = .editorconfig
	EndProjectSection
EndProject
Global
	GlobalSection(SolutionConfigurationPlatforms) = preSolution
		Debug|Any CPU = Debug|Any CPU
		Release|Any CPU = Release|Any CPU
	EndGlobalSection
	GlobalSection(ProjectConfigurationPlatforms) = postSolution
		{6D4D16C7-B333-4BBD-ADA7-080FE887B215}.Debug|Any CPU.ActiveCfg = Debug|Any CPU
		{6D4D16C7-B333-4BBD-ADA7-080FE887B215}.Debug|Any CPU.Build.0 = Debug|Any CPU
		{6D4D16C7-B333-4BBD-ADA7-080FE887B215}.Release|Any CPU.ActiveCfg = Release|Any CPU
		{6D4D16C7-B333-4BBD-ADA7-080FE887B215}.Release|Any CPU.Build.0 = Release|Any CPU
		{6F69ADFB-1C72-465C-A8D0-50487012F81E}.Debug|Any CPU.ActiveCfg = Debug|Any CPU
		{6F69ADFB-1C72-465C-A8D0-50487012F81E}.Debug|Any CPU.Build.0 = Debug|Any CPU
		{6F69ADFB-1C72-465C-A8D0-50487012F81E}.Release|Any CPU.ActiveCfg = Release|Any CPU
		{6F69ADFB-1C72-465C-A8D0-50487012F81E}.Release|Any CPU.Build.0 = Release|Any CPU
		{9A8410DD-96DA-4570-A585-5187BD6CC1B3}.Debug|Any CPU.ActiveCfg = Debug|Any CPU
		{9A8410DD-96DA-4570-A585-5187BD6CC1B3}.Debug|Any CPU.Build.0 = Debug|Any CPU
		{9A8410DD-96DA-4570-A585-5187BD6CC1B3}.Release|Any CPU.ActiveCfg = Release|Any CPU
		{9A8410DD-96DA-4570-A585-5187BD6CC1B3}.Release|Any CPU.Build.0 = Release|Any CPU
		{A8F4B73C-9480-4F46-8324-7185649BAB7B}.Debug|Any CPU.ActiveCfg = Debug|Any CPU
		{A8F4B73C-9480-4F46-8324-7185649BAB7B}.Debug|Any CPU.Build.0 = Debug|Any CPU
		{A8F4B73C-9480-4F46-8324-7185649BAB7B}.Release|Any CPU.ActiveCfg = Release|Any CPU
		{A8F4B73C-9480-4F46-8324-7185649BAB7B}.Release|Any CPU.Build.0 = Release|Any CPU
		{62475CBA-0022-4DA4-BEE7-5483B5C5C685}.Debug|Any CPU.ActiveCfg = Debug|Any CPU
		{62475CBA-0022-4DA4-BEE7-5483B5C5C685}.Debug|Any CPU.Build.0 = Debug|Any CPU
		{62475CBA-0022-4DA4-BEE7-5483B5C5C685}.Release|Any CPU.ActiveCfg = Release|Any CPU
		{62475CBA-0022-4DA4-BEE7-5483B5C5C685}.Release|Any CPU.Build.0 = Release|Any CPU
		{241800E3-A823-4740-BA85-AAE2F59D7D69}.Debug|Any CPU.ActiveCfg = Debug|Any CPU
		{241800E3-A823-4740-BA85-AAE2F59D7D69}.Debug|Any CPU.Build.0 = Debug|Any CPU
		{241800E3-A823-4740-BA85-AAE2F59D7D69}.Release|Any CPU.ActiveCfg = Release|Any CPU
		{241800E3-A823-4740-BA85-AAE2F59D7D69}.Release|Any CPU.Build.0 = Release|Any CPU
		{BB28A59F-A9D3-4C69-AF24-B16427B2A226}.Debug|Any CPU.ActiveCfg = Debug|Any CPU
		{BB28A59F-A9D3-4C69-AF24-B16427B2A226}.Debug|Any CPU.Build.0 = Debug|Any CPU
		{BB28A59F-A9D3-4C69-AF24-B16427B2A226}.Release|Any CPU.ActiveCfg = Release|Any CPU
		{BB28A59F-A9D3-4C69-AF24-B16427B2A226}.Release|Any CPU.Build.0 = Release|Any CPU
		{E16048D0-4CA5-48EA-A30C-FF95906FE107}.Debug|Any CPU.ActiveCfg = Debug|Any CPU
		{E16048D0-4CA5-48EA-A30C-FF95906FE107}.Debug|Any CPU.Build.0 = Debug|Any CPU
		{E16048D0-4CA5-48EA-A30C-FF95906FE107}.Release|Any CPU.ActiveCfg = Release|Any CPU
		{E16048D0-4CA5-48EA-A30C-FF95906FE107}.Release|Any CPU.Build.0 = Release|Any CPU
	EndGlobalSection
	GlobalSection(SolutionProperties) = preSolution
		HideSolutionNode = FALSE
	EndGlobalSection
	GlobalSection(NestedProjects) = preSolution
		{6D4D16C7-B333-4BBD-ADA7-080FE887B215} = {418188CB-3F10-4A20-9859-62D3A32C3686}
		{6F69ADFB-1C72-465C-A8D0-50487012F81E} = {B27C2880-720B-4425-B71E-5C938CC3E529}
		{9A8410DD-96DA-4570-A585-5187BD6CC1B3} = {B27C2880-720B-4425-B71E-5C938CC3E529}
		{A8F4B73C-9480-4F46-8324-7185649BAB7B} = {12B65CA2-7152-4D2F-BEBB-F7B2056AFF5E}
		{62475CBA-0022-4DA4-BEE7-5483B5C5C685} = {418188CB-3F10-4A20-9859-62D3A32C3686}
		{241800E3-A823-4740-BA85-AAE2F59D7D69} = {5BB2C59B-0278-4165-9C74-96C888201F72}
		{BB28A59F-A9D3-4C69-AF24-B16427B2A226} = {5BB2C59B-0278-4165-9C74-96C888201F72}
		{E16048D0-4CA5-48EA-A30C-FF95906FE107} = {418188CB-3F10-4A20-9859-62D3A32C3686}
	EndGlobalSection
	GlobalSection(ExtensibilityGlobals) = postSolution
		SolutionGuid = {88AAB51C-9034-43C8-83C5-4E603418F555}
	EndGlobalSection
EndGlobal
